
Microsoft Visual Studio Solution File, Format Version 11.00
# Visual Studio 2010
Project("{FAE04EC0-301F-11D3-BF4B-00C04F79EFBC}") = "Layer2Net", "Layer2Net\Layer2Net.csproj", "{06859EBC-6AAE-4EA7-8A9F-E0A371EC8C8A}"
EndProject
Project("{FAE04EC0-301F-11D3-BF4B-00C04F79EFBC}") = "Layer2Net.Workshop", "Layer2Net.Workshop\Layer2Net.Workshop.csproj", "{703D5869-5914-4FC7-B347-8DAC53F602B9}"
EndProject
Global
	GlobalSection(SolutionConfigurationPlatforms) = preSolution
		Debug|Any CPU = Debug|Any CPU
		Debug|Mixed Platforms = Debug|Mixed Platforms
		Debug|x86 = Debug|x86
		Release|Any CPU = Release|Any CPU
		Release|Mixed Platforms = Release|Mixed Platforms
		Release|x86 = Release|x86
	EndGlobalSection
	GlobalSection(ProjectConfigurationPlatforms) = postSolution
		{06859EBC-6AAE-4EA7-8A9F-E0A371EC8C8A}.Debug|Any CPU.ActiveCfg = Debug|Any CPU
		{06859EBC-6AAE-4EA7-8A9F-E0A371EC8C8A}.Debug|Any CPU.Build.0 = Debug|Any CPU
		{06859EBC-6AAE-4EA7-8A9F-E0A371EC8C8A}.Debug|Mixed Platforms.ActiveCfg = Debug|Any CPU
		{06859EBC-6AAE-4EA7-8A9F-E0A371EC8C8A}.Debug|Mixed Platforms.Build.0 = Debug|Any CPU
		{06859EBC-6AAE-4EA7-8A9F-E0A371EC8C8A}.Debug|x86.ActiveCfg = Debug|Any CPU
		{06859EBC-6AAE-4EA7-8A9F-E0A371EC8C8A}.Debug|x86.Build.0 = Debug|Any CPU
		{06859EBC-6AAE-4EA7-8A9F-E0A371EC8C8A}.Release|Any CPU.ActiveCfg = Release|Any CPU
		{06859EBC-6AAE-4EA7-8A9F-E0A371EC8C8A}.Release|Any CPU.Build.0 = Release|Any CPU
		{06859EBC-6AAE-4EA7-8A9F-E0A371EC8C8A}.Release|Mixed Platforms.ActiveCfg = Release|Any CPU
		{06859EBC-6AAE-4EA7-8A9F-E0A371EC8C8A}.Release|Mixed Platforms.Build.0 = Release|Any CPU
		{06859EBC-6AAE-4EA7-8A9F-E0A371EC8C8A}.Release|x86.ActiveCfg = Release|Any CPU
		{06859EBC-6AAE-4EA7-8A9F-E0A371EC8C8A}.Release|x86.Build.0 = Release|Any CPU
		{703D5869-5914-4FC7-B347-8DAC53F602B9}.Debug|Any CPU.ActiveCfg = Debug|x86
		{703D5869-5914-4FC7-B347-8DAC53F602B9}.Debug|Mixed Platforms.ActiveCfg = Debug|x86
		{703D5869-5914-4FC7-B347-8DAC53F602B9}.Debug|Mixed Platforms.Build.0 = Debug|x86
		{703D5869-5914-4FC7-B347-8DAC53F602B9}.Debug|x86.ActiveCfg = Debug|x86
		{703D5869-5914-4FC7-B347-8DAC53F602B9}.Debug|x86.Build.0 = Debug|x86
		{703D5869-5914-4FC7-B347-8DAC53F602B9}.Release|Any CPU.ActiveCfg = Release|x86
		{703D5869-5914-4FC7-B347-8DAC53F602B9}.Release|Mixed Platforms.ActiveCfg = Release|x86
		{703D5869-5914-4FC7-B347-8DAC53F602B9}.Release|Mixed Platforms.Build.0 = Release|x86
		{703D5869-5914-4FC7-B347-8DAC53F602B9}.Release|x86.ActiveCfg = Release|x86
		{703D5869-5914-4FC7-B347-8DAC53F602B9}.Release|x86.Build.0 = Release|x86
	EndGlobalSection
	GlobalSection(SolutionProperties) = preSolution
		HideSolutionNode = FALSE
	EndGlobalSection
EndGlobal
